
Microsoft Visual Studio Solution File, Format Version 12.00
# Visual Studio Version 17
VisualStudioVersion = 17.11.35327.3
MinimumVisualStudioVersion = 10.0.40219.1
Project("{FAE04EC0-301F-11D3-BF4B-00C04F79EFBC}") = "Danciu_Radu_Lab2", "Danciu_Radu_Lab2.csproj", "{FA7032C8-200B-4E2E-B76F-96B8C1670773}"
EndProject
Global
	GlobalSection(SolutionConfigurationPlatforms) = preSolution
		Debug|Any CPU = Debug|Any CPU
		Release|Any CPU = Release|Any CPU
	EndGlobalSection
	GlobalSection(ProjectConfigurationPlatforms) = postSolution
		{FA7032C8-200B-4E2E-B76F-96B8C1670773}.Debug|Any CPU.ActiveCfg = Debug|Any CPU
		{FA7032C8-200B-4E2E-B76F-96B8C1670773}.Debug|Any CPU.Build.0 = Debug|Any CPU
		{FA7032C8-200B-4E2E-B76F-96B8C1670773}.Release|Any CPU.ActiveCfg = Release|Any CPU
		{FA7032C8-200B-4E2E-B76F-96B8C1670773}.Release|Any CPU.Build.0 = Release|Any CPU
	EndGlobalSection
	GlobalSection(SolutionProperties) = preSolution
		HideSolutionNode = FALSE
	EndGlobalSection
	GlobalSection(ExtensibilityGlobals) = postSolution
		SolutionGuid = {16E46A42-DFBB-4323-95B3-75B121C4F598}
	EndGlobalSection
EndGlobal
